
Microsoft Visual Studio Solution File, Format Version 12.00
# Visual Studio Version 16
VisualStudioVersion = 16.0.31515.178
MinimumVisualStudioVersion = 10.0.40219.1
Project("{FAE04EC0-301F-11D3-BF4B-00C04F79EFBC}") = "KryptologieLAB_02", "KryptologieLAB_02\KryptologieLAB_02.csproj", "{1940E15E-0453-4DB5-A439-F77D21449A42}"
EndProject
Global
	GlobalSection(SolutionConfigurationPlatforms) = preSolution
		Debug|Any CPU = Debug|Any CPU
		Release|Any CPU = Release|Any CPU
	EndGlobalSection
	GlobalSection(ProjectConfigurationPlatforms) = postSolution
		{1940E15E-0453-4DB5-A439-F77D21449A42}.Debug|Any CPU.ActiveCfg = Debug|Any CPU
		{1940E15E-0453-4DB5-A439-F77D21449A42}.Debug|Any CPU.Build.0 = Debug|Any CPU
		{1940E15E-0453-4DB5-A439-F77D21449A42}.Release|Any CPU.ActiveCfg = Release|Any CPU
		{1940E15E-0453-4DB5-A439-F77D21449A42}.Release|Any CPU.Build.0 = Release|Any CPU
	EndGlobalSection
	GlobalSection(SolutionProperties) = preSolution
		HideSolutionNode = FALSE
	EndGlobalSection
	GlobalSection(ExtensibilityGlobals) = postSolution
		SolutionGuid = {E7D113E9-B015-43D1-BD51-E9D472AAA861}
	EndGlobalSection
EndGlobal
